
Microsoft Visual Studio Solution File, Format Version 12.00
# Visual Studio 15
Project("{FAE04EC0-301F-11D3-BF4B-00C04F79EFBC}") = "Assembly-CSharp", "Assembly-CSharp.csproj", "{37C84481-12C0-4427-7E4A-39CC04C4966C}"
EndProject
Project("{FAE04EC0-301F-11D3-BF4B-00C04F79EFBC}") = "Assembly-CSharp-firstpass", "Assembly-CSharp-firstpass.csproj", "{46E5F7E0-BC38-9712-9D15-0762929F10E4}"
EndProject
Project("{FAE04EC0-301F-11D3-BF4B-00C04F79EFBC}") = "Assembly-CSharp-Editor", "Assembly-CSharp-Editor.csproj", "{3AC0C4D4-DB0B-58B0-F4BE-26658855675E}"
EndProject
Project("{FAE04EC0-301F-11D3-BF4B-00C04F79EFBC}") = "Assembly-CSharp-Editor-firstpass", "Assembly-CSharp-Editor-firstpass.csproj", "{9DE024FF-3F66-B3C6-C707-EC5F5CD57189}"
EndProject
Global
	GlobalSection(SolutionConfigurationPlatforms) = preSolution
		Debug|Any CPU = Debug|Any CPU
		Release|Any CPU = Release|Any CPU
	EndGlobalSection
	GlobalSection(ProjectConfigurationPlatforms) = postSolution
		{37C84481-12C0-4427-7E4A-39CC04C4966C}.Debug|Any CPU.ActiveCfg = Debug|Any CPU
		{37C84481-12C0-4427-7E4A-39CC04C4966C}.Debug|Any CPU.Build.0 = Debug|Any CPU
		{37C84481-12C0-4427-7E4A-39CC04C4966C}.Release|Any CPU.ActiveCfg = Release|Any CPU
		{37C84481-12C0-4427-7E4A-39CC04C4966C}.Release|Any CPU.Build.0 = Release|Any CPU
		{46E5F7E0-BC38-9712-9D15-0762929F10E4}.Debug|Any CPU.ActiveCfg = Debug|Any CPU
		{46E5F7E0-BC38-9712-9D15-0762929F10E4}.Debug|Any CPU.Build.0 = Debug|Any CPU
		{46E5F7E0-BC38-9712-9D15-0762929F10E4}.Release|Any CPU.ActiveCfg = Release|Any CPU
		{46E5F7E0-BC38-9712-9D15-0762929F10E4}.Release|Any CPU.Build.0 = Release|Any CPU
		{3AC0C4D4-DB0B-58B0-F4BE-26658855675E}.Debug|Any CPU.ActiveCfg = Debug|Any CPU
		{3AC0C4D4-DB0B-58B0-F4BE-26658855675E}.Debug|Any CPU.Build.0 = Debug|Any CPU
		{3AC0C4D4-DB0B-58B0-F4BE-26658855675E}.Release|Any CPU.ActiveCfg = Release|Any CPU
		{3AC0C4D4-DB0B-58B0-F4BE-26658855675E}.Release|Any CPU.Build.0 = Release|Any CPU
		{9DE024FF-3F66-B3C6-C707-EC5F5CD57189}.Debug|Any CPU.ActiveCfg = Debug|Any CPU
		{9DE024FF-3F66-B3C6-C707-EC5F5CD57189}.Debug|Any CPU.Build.0 = Debug|Any CPU
		{9DE024FF-3F66-B3C6-C707-EC5F5CD57189}.Release|Any CPU.ActiveCfg = Release|Any CPU
		{9DE024FF-3F66-B3C6-C707-EC5F5CD57189}.Release|Any CPU.Build.0 = Release|Any CPU
	EndGlobalSection
	GlobalSection(SolutionProperties) = preSolution
		HideSolutionNode = FALSE
	EndGlobalSection
EndGlobal
